
Microsoft Visual Studio Solution File, Format Version 12.00
# Visual Studio Version 17
VisualStudioVersion = 17.5.33414.496
MinimumVisualStudioVersion = 10.0.40219.1
Project("{FAE04EC0-301F-11D3-BF4B-00C04F79EFBC}") = "Ex 5.1", "Ex 5.1\Ex 5.1.csproj", "{F3CABDB9-4653-49EC-A6DD-4F603C61BF8D}"
EndProject
Global
	GlobalSection(SolutionConfigurationPlatforms) = preSolution
		Debug|Any CPU = Debug|Any CPU
		Release|Any CPU = Release|Any CPU
	EndGlobalSection
	GlobalSection(ProjectConfigurationPlatforms) = postSolution
		{F3CABDB9-4653-49EC-A6DD-4F603C61BF8D}.Debug|Any CPU.ActiveCfg = Debug|Any CPU
		{F3CABDB9-4653-49EC-A6DD-4F603C61BF8D}.Debug|Any CPU.Build.0 = Debug|Any CPU
		{F3CABDB9-4653-49EC-A6DD-4F603C61BF8D}.Release|Any CPU.ActiveCfg = Release|Any CPU
		{F3CABDB9-4653-49EC-A6DD-4F603C61BF8D}.Release|Any CPU.Build.0 = Release|Any CPU
	EndGlobalSection
	GlobalSection(SolutionProperties) = preSolution
		HideSolutionNode = FALSE
	EndGlobalSection
	GlobalSection(ExtensibilityGlobals) = postSolution
		SolutionGuid = {C1079E63-58AC-4196-B8EC-F592AA439B7E}
	EndGlobalSection
EndGlobal
