
Microsoft Visual Studio Solution File, Format Version 12.00
# Visual Studio Version 17
VisualStudioVersion = 17.4.33205.214
MinimumVisualStudioVersion = 10.0.40219.1
Project("{8BC9CEB8-8B4A-11D0-8D11-00A0C91BC942}") = "ex 14", "ex 14\ex 14.vcxproj", "{99BE531F-E596-49ED-A91F-B6CB0648BA4F}"
EndProject
Global
	GlobalSection(SolutionConfigurationPlatforms) = preSolution
		Debug|x64 = Debug|x64
		Debug|x86 = Debug|x86
		Release|x64 = Release|x64
		Release|x86 = Release|x86
	EndGlobalSection
	GlobalSection(ProjectConfigurationPlatforms) = postSolution
		{99BE531F-E596-49ED-A91F-B6CB0648BA4F}.Debug|x64.ActiveCfg = Debug|x64
		{99BE531F-E596-49ED-A91F-B6CB0648BA4F}.Debug|x64.Build.0 = Debug|x64
		{99BE531F-E596-49ED-A91F-B6CB0648BA4F}.Debug|x86.ActiveCfg = Debug|Win32
		{99BE531F-E596-49ED-A91F-B6CB0648BA4F}.Debug|x86.Build.0 = Debug|Win32
		{99BE531F-E596-49ED-A91F-B6CB0648BA4F}.Release|x64.ActiveCfg = Release|x64
		{99BE531F-E596-49ED-A91F-B6CB0648BA4F}.Release|x64.Build.0 = Release|x64
		{99BE531F-E596-49ED-A91F-B6CB0648BA4F}.Release|x86.ActiveCfg = Release|Win32
		{99BE531F-E596-49ED-A91F-B6CB0648BA4F}.Release|x86.Build.0 = Release|Win32
	EndGlobalSection
	GlobalSection(SolutionProperties) = preSolution
		HideSolutionNode = FALSE
	EndGlobalSection
	GlobalSection(ExtensibilityGlobals) = postSolution
		SolutionGuid = {DC65A74A-837D-4ACB-9D72-64D63350D464}
	EndGlobalSection
EndGlobal
