
Microsoft Visual Studio Solution File, Format Version 12.00
# Visual Studio Version 17
VisualStudioVersion = 17.7.34202.233
MinimumVisualStudioVersion = 10.0.40219.1
Project("{FAE04EC0-301F-11D3-BF4B-00C04F79EFBC}") = "Olympiada_App", "Olympiada_App\Olympiada_App.csproj", "{11C003E8-E280-46B7-AC27-24D8A2A2B31C}"
EndProject
Global
	GlobalSection(SolutionConfigurationPlatforms) = preSolution
		Debug|Any CPU = Debug|Any CPU
		Release|Any CPU = Release|Any CPU
	EndGlobalSection
	GlobalSection(ProjectConfigurationPlatforms) = postSolution
		{11C003E8-E280-46B7-AC27-24D8A2A2B31C}.Debug|Any CPU.ActiveCfg = Debug|Any CPU
		{11C003E8-E280-46B7-AC27-24D8A2A2B31C}.Debug|Any CPU.Build.0 = Debug|Any CPU
		{11C003E8-E280-46B7-AC27-24D8A2A2B31C}.Release|Any CPU.ActiveCfg = Release|Any CPU
		{11C003E8-E280-46B7-AC27-24D8A2A2B31C}.Release|Any CPU.Build.0 = Release|Any CPU
	EndGlobalSection
	GlobalSection(SolutionProperties) = preSolution
		HideSolutionNode = FALSE
	EndGlobalSection
	GlobalSection(ExtensibilityGlobals) = postSolution
		SolutionGuid = {55CD40A2-70C6-4CAF-9FA3-1951ECCE3961}
	EndGlobalSection
EndGlobal
