
Microsoft Visual Studio Solution File, Format Version 12.00
# Visual Studio Version 17
VisualStudioVersion = 17.5.33414.496
MinimumVisualStudioVersion = 10.0.40219.1
Project("{FAE04EC0-301F-11D3-BF4B-00C04F79EFBC}") = "ConsoleApp2", "ConsoleApp2\ConsoleApp2.csproj", "{E31BD5A7-A1B7-4011-BBAA-D0E12B922CC1}"
EndProject
Global
	GlobalSection(SolutionConfigurationPlatforms) = preSolution
		Debug|Any CPU = Debug|Any CPU
		Release|Any CPU = Release|Any CPU
	EndGlobalSection
	GlobalSection(ProjectConfigurationPlatforms) = postSolution
		{E31BD5A7-A1B7-4011-BBAA-D0E12B922CC1}.Debug|Any CPU.ActiveCfg = Debug|Any CPU
		{E31BD5A7-A1B7-4011-BBAA-D0E12B922CC1}.Debug|Any CPU.Build.0 = Debug|Any CPU
		{E31BD5A7-A1B7-4011-BBAA-D0E12B922CC1}.Release|Any CPU.ActiveCfg = Release|Any CPU
		{E31BD5A7-A1B7-4011-BBAA-D0E12B922CC1}.Release|Any CPU.Build.0 = Release|Any CPU
	EndGlobalSection
	GlobalSection(SolutionProperties) = preSolution
		HideSolutionNode = FALSE
	EndGlobalSection
	GlobalSection(ExtensibilityGlobals) = postSolution
		SolutionGuid = {0AED9476-9D7F-4B7F-B0EF-B5E2E0D4F3AB}
	EndGlobalSection
EndGlobal
