
Microsoft Visual Studio Solution File, Format Version 12.00
# Visual Studio Version 17
VisualStudioVersion = 17.2.32526.322
MinimumVisualStudioVersion = 10.0.40219.1
Project("{8BC9CEB8-8B4A-11D0-8D11-00A0C91BC942}") = "Project4", "Project4\Project4.vcxproj", "{2713510B-0DEC-429C-9698-07C16AA22038}"
EndProject
Global
	GlobalSection(SolutionConfigurationPlatforms) = preSolution
		Debug|x64 = Debug|x64
		Debug|x86 = Debug|x86
		Release|x64 = Release|x64
		Release|x86 = Release|x86
	EndGlobalSection
	GlobalSection(ProjectConfigurationPlatforms) = postSolution
		{2713510B-0DEC-429C-9698-07C16AA22038}.Debug|x64.ActiveCfg = Debug|x64
		{2713510B-0DEC-429C-9698-07C16AA22038}.Debug|x64.Build.0 = Debug|x64
		{2713510B-0DEC-429C-9698-07C16AA22038}.Debug|x86.ActiveCfg = Debug|Win32
		{2713510B-0DEC-429C-9698-07C16AA22038}.Debug|x86.Build.0 = Debug|Win32
		{2713510B-0DEC-429C-9698-07C16AA22038}.Release|x64.ActiveCfg = Release|x64
		{2713510B-0DEC-429C-9698-07C16AA22038}.Release|x64.Build.0 = Release|x64
		{2713510B-0DEC-429C-9698-07C16AA22038}.Release|x86.ActiveCfg = Release|Win32
		{2713510B-0DEC-429C-9698-07C16AA22038}.Release|x86.Build.0 = Release|Win32
	EndGlobalSection
	GlobalSection(SolutionProperties) = preSolution
		HideSolutionNode = FALSE
	EndGlobalSection
	GlobalSection(ExtensibilityGlobals) = postSolution
		SolutionGuid = {29A26E03-F90E-41ED-86EE-65BFB1FEA453}
	EndGlobalSection
EndGlobal
