
Microsoft Visual Studio Solution File, Format Version 12.00
# Visual Studio Version 17
VisualStudioVersion = 17.5.33414.496
MinimumVisualStudioVersion = 10.0.40219.1
Project("{FAE04EC0-301F-11D3-BF4B-00C04F79EFBC}") = "Ex 2.1", "Ex 2.1\Ex 2.1.csproj", "{51B6C671-495A-453F-A353-C666F2171026}"
EndProject
Global
	GlobalSection(SolutionConfigurationPlatforms) = preSolution
		Debug|Any CPU = Debug|Any CPU
		Release|Any CPU = Release|Any CPU
	EndGlobalSection
	GlobalSection(ProjectConfigurationPlatforms) = postSolution
		{51B6C671-495A-453F-A353-C666F2171026}.Debug|Any CPU.ActiveCfg = Debug|Any CPU
		{51B6C671-495A-453F-A353-C666F2171026}.Debug|Any CPU.Build.0 = Debug|Any CPU
		{51B6C671-495A-453F-A353-C666F2171026}.Release|Any CPU.ActiveCfg = Release|Any CPU
		{51B6C671-495A-453F-A353-C666F2171026}.Release|Any CPU.Build.0 = Release|Any CPU
	EndGlobalSection
	GlobalSection(SolutionProperties) = preSolution
		HideSolutionNode = FALSE
	EndGlobalSection
	GlobalSection(ExtensibilityGlobals) = postSolution
		SolutionGuid = {0B58C43B-CF02-4EA3-B8DB-192CDCB674C6}
	EndGlobalSection
EndGlobal
