
Microsoft Visual Studio Solution File, Format Version 12.00
# Visual Studio Version 17
VisualStudioVersion = 17.5.33414.496
MinimumVisualStudioVersion = 10.0.40219.1
Project("{FAE04EC0-301F-11D3-BF4B-00C04F79EFBC}") = "Ex 2.4", "Ex 2.4\Ex 2.4.csproj", "{63678F51-8F50-40C7-B57C-DA04F4735FD1}"
EndProject
Global
	GlobalSection(SolutionConfigurationPlatforms) = preSolution
		Debug|Any CPU = Debug|Any CPU
		Release|Any CPU = Release|Any CPU
	EndGlobalSection
	GlobalSection(ProjectConfigurationPlatforms) = postSolution
		{63678F51-8F50-40C7-B57C-DA04F4735FD1}.Debug|Any CPU.ActiveCfg = Debug|Any CPU
		{63678F51-8F50-40C7-B57C-DA04F4735FD1}.Debug|Any CPU.Build.0 = Debug|Any CPU
		{63678F51-8F50-40C7-B57C-DA04F4735FD1}.Release|Any CPU.ActiveCfg = Release|Any CPU
		{63678F51-8F50-40C7-B57C-DA04F4735FD1}.Release|Any CPU.Build.0 = Release|Any CPU
	EndGlobalSection
	GlobalSection(SolutionProperties) = preSolution
		HideSolutionNode = FALSE
	EndGlobalSection
	GlobalSection(ExtensibilityGlobals) = postSolution
		SolutionGuid = {88414FEE-DB1B-458B-B87D-9F5548536EDE}
	EndGlobalSection
EndGlobal
