
Microsoft Visual Studio Solution File, Format Version 12.00
# Visual Studio Version 17
VisualStudioVersion = 17.7.34202.233
MinimumVisualStudioVersion = 10.0.40219.1
Project("{FAE04EC0-301F-11D3-BF4B-00C04F79EFBC}") = "OlympiadApp", "OlympiadApp\OlympiadApp.csproj", "{B043A54C-CAC4-42F0-9803-439FF993605D}"
EndProject
Global
	GlobalSection(SolutionConfigurationPlatforms) = preSolution
		Debug|Any CPU = Debug|Any CPU
		Release|Any CPU = Release|Any CPU
	EndGlobalSection
	GlobalSection(ProjectConfigurationPlatforms) = postSolution
		{B043A54C-CAC4-42F0-9803-439FF993605D}.Debug|Any CPU.ActiveCfg = Debug|Any CPU
		{B043A54C-CAC4-42F0-9803-439FF993605D}.Debug|Any CPU.Build.0 = Debug|Any CPU
		{B043A54C-CAC4-42F0-9803-439FF993605D}.Release|Any CPU.ActiveCfg = Release|Any CPU
		{B043A54C-CAC4-42F0-9803-439FF993605D}.Release|Any CPU.Build.0 = Release|Any CPU
	EndGlobalSection
	GlobalSection(SolutionProperties) = preSolution
		HideSolutionNode = FALSE
	EndGlobalSection
	GlobalSection(ExtensibilityGlobals) = postSolution
		SolutionGuid = {19037254-C078-41C0-913B-12479FBDFFD6}
	EndGlobalSection
EndGlobal
