
Microsoft Visual Studio Solution File, Format Version 12.00
# Visual Studio Version 17
VisualStudioVersion = 17.8.34330.188
MinimumVisualStudioVersion = 10.0.40219.1
Project("{FAE04EC0-301F-11D3-BF4B-00C04F79EFBC}") = "WeatherAppWPF", "WeatherAppWPF\WeatherAppWPF.csproj", "{8DCA71AA-B909-497B-BA0D-ABECC8769A0F}"
EndProject
Global
	GlobalSection(SolutionConfigurationPlatforms) = preSolution
		Debug|Any CPU = Debug|Any CPU
		Release|Any CPU = Release|Any CPU
	EndGlobalSection
	GlobalSection(ProjectConfigurationPlatforms) = postSolution
		{8DCA71AA-B909-497B-BA0D-ABECC8769A0F}.Debug|Any CPU.ActiveCfg = Debug|Any CPU
		{8DCA71AA-B909-497B-BA0D-ABECC8769A0F}.Debug|Any CPU.Build.0 = Debug|Any CPU
		{8DCA71AA-B909-497B-BA0D-ABECC8769A0F}.Release|Any CPU.ActiveCfg = Release|Any CPU
		{8DCA71AA-B909-497B-BA0D-ABECC8769A0F}.Release|Any CPU.Build.0 = Release|Any CPU
	EndGlobalSection
	GlobalSection(SolutionProperties) = preSolution
		HideSolutionNode = FALSE
	EndGlobalSection
	GlobalSection(ExtensibilityGlobals) = postSolution
		SolutionGuid = {0B887D70-C944-4A99-82F7-40CE16189830}
	EndGlobalSection
EndGlobal
