
Microsoft Visual Studio Solution File, Format Version 12.00
# Visual Studio Version 17
VisualStudioVersion = 17.5.33414.496
MinimumVisualStudioVersion = 10.0.40219.1
Project("{FAE04EC0-301F-11D3-BF4B-00C04F79EFBC}") = "Ex 1.3", "Ex 1.3\Ex 1.3.csproj", "{2B3A880A-37DA-40CF-AEA0-BFDB802B1EED}"
EndProject
Global
	GlobalSection(SolutionConfigurationPlatforms) = preSolution
		Debug|Any CPU = Debug|Any CPU
		Release|Any CPU = Release|Any CPU
	EndGlobalSection
	GlobalSection(ProjectConfigurationPlatforms) = postSolution
		{2B3A880A-37DA-40CF-AEA0-BFDB802B1EED}.Debug|Any CPU.ActiveCfg = Debug|Any CPU
		{2B3A880A-37DA-40CF-AEA0-BFDB802B1EED}.Debug|Any CPU.Build.0 = Debug|Any CPU
		{2B3A880A-37DA-40CF-AEA0-BFDB802B1EED}.Release|Any CPU.ActiveCfg = Release|Any CPU
		{2B3A880A-37DA-40CF-AEA0-BFDB802B1EED}.Release|Any CPU.Build.0 = Release|Any CPU
	EndGlobalSection
	GlobalSection(SolutionProperties) = preSolution
		HideSolutionNode = FALSE
	EndGlobalSection
	GlobalSection(ExtensibilityGlobals) = postSolution
		SolutionGuid = {C568E7AC-D447-4036-ABCC-22924166A284}
	EndGlobalSection
EndGlobal
