
Microsoft Visual Studio Solution File, Format Version 12.00
# Visual Studio Version 17
VisualStudioVersion = 17.5.33414.496
MinimumVisualStudioVersion = 10.0.40219.1
Project("{FAE04EC0-301F-11D3-BF4B-00C04F79EFBC}") = "Ex 2.2", "Ex 2.2\Ex 2.2.csproj", "{AE579713-A063-4B1F-8220-86DD9F0E1A77}"
EndProject
Global
	GlobalSection(SolutionConfigurationPlatforms) = preSolution
		Debug|Any CPU = Debug|Any CPU
		Release|Any CPU = Release|Any CPU
	EndGlobalSection
	GlobalSection(ProjectConfigurationPlatforms) = postSolution
		{AE579713-A063-4B1F-8220-86DD9F0E1A77}.Debug|Any CPU.ActiveCfg = Debug|Any CPU
		{AE579713-A063-4B1F-8220-86DD9F0E1A77}.Debug|Any CPU.Build.0 = Debug|Any CPU
		{AE579713-A063-4B1F-8220-86DD9F0E1A77}.Release|Any CPU.ActiveCfg = Release|Any CPU
		{AE579713-A063-4B1F-8220-86DD9F0E1A77}.Release|Any CPU.Build.0 = Release|Any CPU
	EndGlobalSection
	GlobalSection(SolutionProperties) = preSolution
		HideSolutionNode = FALSE
	EndGlobalSection
	GlobalSection(ExtensibilityGlobals) = postSolution
		SolutionGuid = {8CE597FB-36A7-47A0-AB6F-0976E0CD4C26}
	EndGlobalSection
EndGlobal
