
Microsoft Visual Studio Solution File, Format Version 12.00
# Visual Studio Version 17
VisualStudioVersion = 17.7.34202.233
MinimumVisualStudioVersion = 10.0.40219.1
Project("{FAE04EC0-301F-11D3-BF4B-00C04F79EFBC}") = "AdditionalForms1", "AdditionalForms1\AdditionalForms1.csproj", "{6BDBA2AF-A54F-423B-80A2-47AC8A4D2522}"
EndProject
Global
	GlobalSection(SolutionConfigurationPlatforms) = preSolution
		Debug|Any CPU = Debug|Any CPU
		Release|Any CPU = Release|Any CPU
	EndGlobalSection
	GlobalSection(ProjectConfigurationPlatforms) = postSolution
		{6BDBA2AF-A54F-423B-80A2-47AC8A4D2522}.Debug|Any CPU.ActiveCfg = Debug|Any CPU
		{6BDBA2AF-A54F-423B-80A2-47AC8A4D2522}.Debug|Any CPU.Build.0 = Debug|Any CPU
		{6BDBA2AF-A54F-423B-80A2-47AC8A4D2522}.Release|Any CPU.ActiveCfg = Release|Any CPU
		{6BDBA2AF-A54F-423B-80A2-47AC8A4D2522}.Release|Any CPU.Build.0 = Release|Any CPU
	EndGlobalSection
	GlobalSection(SolutionProperties) = preSolution
		HideSolutionNode = FALSE
	EndGlobalSection
	GlobalSection(ExtensibilityGlobals) = postSolution
		SolutionGuid = {21D9A4DC-FD2C-4238-9363-ABE2732E166F}
	EndGlobalSection
EndGlobal
