
Microsoft Visual Studio Solution File, Format Version 12.00
# Visual Studio Version 17
VisualStudioVersion = 17.6.33717.318
MinimumVisualStudioVersion = 10.0.40219.1
Project("{FAE04EC0-301F-11D3-BF4B-00C04F79EFBC}") = "KeyboardSimulator", "KeyboardSimulator\KeyboardSimulator.csproj", "{D7F3FEBC-4E76-41C9-ABA6-17707BC2C58D}"
EndProject
Global
	GlobalSection(SolutionConfigurationPlatforms) = preSolution
		Debug|Any CPU = Debug|Any CPU
		Release|Any CPU = Release|Any CPU
	EndGlobalSection
	GlobalSection(ProjectConfigurationPlatforms) = postSolution
		{D7F3FEBC-4E76-41C9-ABA6-17707BC2C58D}.Debug|Any CPU.ActiveCfg = Debug|Any CPU
		{D7F3FEBC-4E76-41C9-ABA6-17707BC2C58D}.Debug|Any CPU.Build.0 = Debug|Any CPU
		{D7F3FEBC-4E76-41C9-ABA6-17707BC2C58D}.Release|Any CPU.ActiveCfg = Release|Any CPU
		{D7F3FEBC-4E76-41C9-ABA6-17707BC2C58D}.Release|Any CPU.Build.0 = Release|Any CPU
	EndGlobalSection
	GlobalSection(SolutionProperties) = preSolution
		HideSolutionNode = FALSE
	EndGlobalSection
	GlobalSection(ExtensibilityGlobals) = postSolution
		SolutionGuid = {F54ECD35-12E8-4759-BAB6-051DFD45FA10}
	EndGlobalSection
EndGlobal
