
Microsoft Visual Studio Solution File, Format Version 12.00
# Visual Studio Version 17
VisualStudioVersion = 17.6.33717.318
MinimumVisualStudioVersion = 10.0.40219.1
Project("{FAE04EC0-301F-11D3-BF4B-00C04F79EFBC}") = "clock2", "clock2\clock2.csproj", "{5DA5A57D-4CED-4A7C-820D-A1BD03F1A422}"
EndProject
Global
	GlobalSection(SolutionConfigurationPlatforms) = preSolution
		Debug|Any CPU = Debug|Any CPU
		Release|Any CPU = Release|Any CPU
	EndGlobalSection
	GlobalSection(ProjectConfigurationPlatforms) = postSolution
		{5DA5A57D-4CED-4A7C-820D-A1BD03F1A422}.Debug|Any CPU.ActiveCfg = Debug|Any CPU
		{5DA5A57D-4CED-4A7C-820D-A1BD03F1A422}.Debug|Any CPU.Build.0 = Debug|Any CPU
		{5DA5A57D-4CED-4A7C-820D-A1BD03F1A422}.Release|Any CPU.ActiveCfg = Release|Any CPU
		{5DA5A57D-4CED-4A7C-820D-A1BD03F1A422}.Release|Any CPU.Build.0 = Release|Any CPU
	EndGlobalSection
	GlobalSection(SolutionProperties) = preSolution
		HideSolutionNode = FALSE
	EndGlobalSection
	GlobalSection(ExtensibilityGlobals) = postSolution
		SolutionGuid = {F4076528-E677-4D6D-A0FC-4B00D87E4861}
	EndGlobalSection
EndGlobal
