
Microsoft Visual Studio Solution File, Format Version 12.00
# Visual Studio Version 17
VisualStudioVersion = 17.6.33717.318
MinimumVisualStudioVersion = 10.0.40219.1
Project("{FAE04EC0-301F-11D3-BF4B-00C04F79EFBC}") = "Ex 10.1", "Ex 10.1\Ex 10.1.csproj", "{82255CA4-1F89-4D56-8F2D-EE3B59E92F4C}"
EndProject
Global
	GlobalSection(SolutionConfigurationPlatforms) = preSolution
		Debug|Any CPU = Debug|Any CPU
		Release|Any CPU = Release|Any CPU
	EndGlobalSection
	GlobalSection(ProjectConfigurationPlatforms) = postSolution
		{82255CA4-1F89-4D56-8F2D-EE3B59E92F4C}.Debug|Any CPU.ActiveCfg = Debug|Any CPU
		{82255CA4-1F89-4D56-8F2D-EE3B59E92F4C}.Debug|Any CPU.Build.0 = Debug|Any CPU
		{82255CA4-1F89-4D56-8F2D-EE3B59E92F4C}.Release|Any CPU.ActiveCfg = Release|Any CPU
		{82255CA4-1F89-4D56-8F2D-EE3B59E92F4C}.Release|Any CPU.Build.0 = Release|Any CPU
	EndGlobalSection
	GlobalSection(SolutionProperties) = preSolution
		HideSolutionNode = FALSE
	EndGlobalSection
	GlobalSection(ExtensibilityGlobals) = postSolution
		SolutionGuid = {141AC614-A709-4664-B4C7-4E3DC9751D93}
	EndGlobalSection
EndGlobal
