
Microsoft Visual Studio Solution File, Format Version 12.00
# Visual Studio Version 17
VisualStudioVersion = 17.4.33205.214
MinimumVisualStudioVersion = 10.0.40219.1
Project("{8BC9CEB8-8B4A-11D0-8D11-00A0C91BC942}") = "simple game", "simple game\simple game.vcxproj", "{DD93E4B7-CEED-4BEB-B24A-906CC2B02FC8}"
EndProject
Global
	GlobalSection(SolutionConfigurationPlatforms) = preSolution
		Debug|x64 = Debug|x64
		Debug|x86 = Debug|x86
		Release|x64 = Release|x64
		Release|x86 = Release|x86
	EndGlobalSection
	GlobalSection(ProjectConfigurationPlatforms) = postSolution
		{DD93E4B7-CEED-4BEB-B24A-906CC2B02FC8}.Debug|x64.ActiveCfg = Debug|x64
		{DD93E4B7-CEED-4BEB-B24A-906CC2B02FC8}.Debug|x64.Build.0 = Debug|x64
		{DD93E4B7-CEED-4BEB-B24A-906CC2B02FC8}.Debug|x86.ActiveCfg = Debug|Win32
		{DD93E4B7-CEED-4BEB-B24A-906CC2B02FC8}.Debug|x86.Build.0 = Debug|Win32
		{DD93E4B7-CEED-4BEB-B24A-906CC2B02FC8}.Release|x64.ActiveCfg = Release|x64
		{DD93E4B7-CEED-4BEB-B24A-906CC2B02FC8}.Release|x64.Build.0 = Release|x64
		{DD93E4B7-CEED-4BEB-B24A-906CC2B02FC8}.Release|x86.ActiveCfg = Release|Win32
		{DD93E4B7-CEED-4BEB-B24A-906CC2B02FC8}.Release|x86.Build.0 = Release|Win32
	EndGlobalSection
	GlobalSection(SolutionProperties) = preSolution
		HideSolutionNode = FALSE
	EndGlobalSection
	GlobalSection(ExtensibilityGlobals) = postSolution
		SolutionGuid = {2C29C39A-FE1A-4FB6-9BD5-1EF17A8B1A9A}
	EndGlobalSection
EndGlobal
