
Microsoft Visual Studio Solution File, Format Version 12.00
# Visual Studio Version 17
VisualStudioVersion = 17.5.33414.496
MinimumVisualStudioVersion = 10.0.40219.1
Project("{FAE04EC0-301F-11D3-BF4B-00C04F79EFBC}") = "Ex 1.1", "Ex 1.1\Ex 1.1.csproj", "{DF755609-D1D5-49BB-940D-152570C09995}"
EndProject
Global
	GlobalSection(SolutionConfigurationPlatforms) = preSolution
		Debug|Any CPU = Debug|Any CPU
		Release|Any CPU = Release|Any CPU
	EndGlobalSection
	GlobalSection(ProjectConfigurationPlatforms) = postSolution
		{DF755609-D1D5-49BB-940D-152570C09995}.Debug|Any CPU.ActiveCfg = Debug|Any CPU
		{DF755609-D1D5-49BB-940D-152570C09995}.Debug|Any CPU.Build.0 = Debug|Any CPU
		{DF755609-D1D5-49BB-940D-152570C09995}.Release|Any CPU.ActiveCfg = Release|Any CPU
		{DF755609-D1D5-49BB-940D-152570C09995}.Release|Any CPU.Build.0 = Release|Any CPU
	EndGlobalSection
	GlobalSection(SolutionProperties) = preSolution
		HideSolutionNode = FALSE
	EndGlobalSection
	GlobalSection(ExtensibilityGlobals) = postSolution
		SolutionGuid = {C6F25E62-EBE8-44A8-87F0-48DFB2E75739}
	EndGlobalSection
EndGlobal
