
Microsoft Visual Studio Solution File, Format Version 12.00
# Visual Studio Version 17
VisualStudioVersion = 17.7.34202.233
MinimumVisualStudioVersion = 10.0.40219.1
Project("{FAE04EC0-301F-11D3-BF4B-00C04F79EFBC}") = "philosophy", "philosophy\philosophy.csproj", "{955D9528-5BB7-44FA-8895-C63304E8A8FF}"
EndProject
Global
	GlobalSection(SolutionConfigurationPlatforms) = preSolution
		Debug|Any CPU = Debug|Any CPU
		Release|Any CPU = Release|Any CPU
	EndGlobalSection
	GlobalSection(ProjectConfigurationPlatforms) = postSolution
		{955D9528-5BB7-44FA-8895-C63304E8A8FF}.Debug|Any CPU.ActiveCfg = Debug|Any CPU
		{955D9528-5BB7-44FA-8895-C63304E8A8FF}.Debug|Any CPU.Build.0 = Debug|Any CPU
		{955D9528-5BB7-44FA-8895-C63304E8A8FF}.Release|Any CPU.ActiveCfg = Release|Any CPU
		{955D9528-5BB7-44FA-8895-C63304E8A8FF}.Release|Any CPU.Build.0 = Release|Any CPU
	EndGlobalSection
	GlobalSection(SolutionProperties) = preSolution
		HideSolutionNode = FALSE
	EndGlobalSection
	GlobalSection(ExtensibilityGlobals) = postSolution
		SolutionGuid = {1B18ED61-FDF9-415A-ACAB-2EF741D39845}
	EndGlobalSection
EndGlobal
