
Microsoft Visual Studio Solution File, Format Version 12.00
# Visual Studio Version 17
VisualStudioVersion = 17.7.34202.233
MinimumVisualStudioVersion = 10.0.40219.1
Project("{FAE04EC0-301F-11D3-BF4B-00C04F79EFBC}") = "AdditionalForms", "AdditionalForms\AdditionalForms.csproj", "{4F55CC80-3D82-4674-A60C-D1DBDF25712A}"
EndProject
Global
	GlobalSection(SolutionConfigurationPlatforms) = preSolution
		Debug|Any CPU = Debug|Any CPU
		Release|Any CPU = Release|Any CPU
	EndGlobalSection
	GlobalSection(ProjectConfigurationPlatforms) = postSolution
		{4F55CC80-3D82-4674-A60C-D1DBDF25712A}.Debug|Any CPU.ActiveCfg = Debug|Any CPU
		{4F55CC80-3D82-4674-A60C-D1DBDF25712A}.Debug|Any CPU.Build.0 = Debug|Any CPU
		{4F55CC80-3D82-4674-A60C-D1DBDF25712A}.Release|Any CPU.ActiveCfg = Release|Any CPU
		{4F55CC80-3D82-4674-A60C-D1DBDF25712A}.Release|Any CPU.Build.0 = Release|Any CPU
	EndGlobalSection
	GlobalSection(SolutionProperties) = preSolution
		HideSolutionNode = FALSE
	EndGlobalSection
	GlobalSection(ExtensibilityGlobals) = postSolution
		SolutionGuid = {F3608C6C-9250-4210-AB86-C11FE3E94133}
	EndGlobalSection
EndGlobal
